# This file is automatically @generated by Cargo.
# It is not intended for manual editing.
version = 3

[[package]]
name = "autocfg"
version = "1.1.0"
source = "registry+https://github.com/rust-lang/crates.io-index"
checksum = "d468802bab17cbc0cc575e9b053f41e72aa36bfa6b7f55e3529ffa43161b97fa"

[[package]]
name = "buddy-alloc"
version = "0.4.1"
source = "registry+https://github.com/rust-lang/crates.io-index"
checksum = "8ff9f338986406db85e2b5deb40a9255b796ca03a194c7457403d215173f3fd5"

[[package]]
name = "buttons"
version = "0.1.0"
dependencies = [
 "buddy-alloc",
 "fastrand",
 "lazy_static",
 "numtoa",
 "spin",
]

[[package]]
name = "cart"
version = "0.1.0"
dependencies = [
 "buddy-alloc",
 "buttons",
 "fastrand",
 "gamemode_flying",
 "gamemode_landed",
 "lazy_static",
 "maths",
 "numtoa",
 "planets",
 "spin",
 "wasm4",
]

[[package]]
name = "cfg-if"
version = "1.0.0"
source = "registry+https://github.com/rust-lang/crates.io-index"
checksum = "baf1de4339761588bc0619e3cbc0120ee582ebb74b53b4efbf79117bd2da40fd"

[[package]]
name = "fastrand"
version = "1.9.0"
source = "registry+https://github.com/rust-lang/crates.io-index"
checksum = "e51093e27b0797c359783294ca4f0a911c270184cb10f85783b118614a1501be"
dependencies = [
 "instant",
]

[[package]]
name = "gamemode_flying"
version = "0.1.0"
dependencies = [
 "buddy-alloc",
 "buttons",
 "fastrand",
 "graphics",
 "lazy_static",
 "maths",
 "numtoa",
 "planets",
 "player",
 "spin",
 "wasm4",
]

[[package]]
name = "gamemode_landed"
version = "0.1.0"
dependencies = [
 "buddy-alloc",
 "buttons",
 "fastrand",
 "graphics",
 "lazy_static",
 "maths",
 "numtoa",
 "planets",
 "spin",
 "wasm4",
]

[[package]]
name = "graphics"
version = "0.1.0"
dependencies = [
 "buddy-alloc",
 "fastrand",
 "lazy_static",
 "maths",
 "numtoa",
 "planets",
 "spin",
 "utils",
 "wasm4",
]

[[package]]
name = "instant"
version = "0.1.12"
source = "registry+https://github.com/rust-lang/crates.io-index"
checksum = "7a5bbe824c507c5da5956355e86a746d82e0e1464f65d862cc5e71da70e94b2c"
dependencies = [
 "cfg-if",
]

[[package]]
name = "lazy_static"
version = "1.4.0"
source = "registry+https://github.com/rust-lang/crates.io-index"
checksum = "e2abad23fbc42b3700f2f279844dc832adb2b2eb069b2df918f455c4e18cc646"

[[package]]
name = "lock_api"
version = "0.4.9"
source = "registry+https://github.com/rust-lang/crates.io-index"
checksum = "435011366fe56583b16cf956f9df0095b405b82d76425bc8981c0e22e60ec4df"
dependencies = [
 "autocfg",
 "scopeguard",
]

[[package]]
name = "maths"
version = "0.1.0"
dependencies = [
 "buddy-alloc",
 "fastrand",
 "lazy_static",
 "numtoa",
 "spin",
]

[[package]]
name = "numtoa"
version = "0.2.4"
source = "registry+https://github.com/rust-lang/crates.io-index"
checksum = "6aa2c4e539b869820a2b82e1aef6ff40aa85e65decdd5185e83fb4b1249cd00f"

[[package]]
name = "planets"
version = "0.1.0"
dependencies = [
 "buddy-alloc",
 "fastrand",
 "lazy_static",
 "maths",
 "numtoa",
 "spin",
 "wasm4",
]

[[package]]
name = "player"
version = "0.1.0"
dependencies = [
 "buddy-alloc",
 "buttons",
 "fastrand",
 "lazy_static",
 "maths",
 "numtoa",
 "spin",
 "utils",
]

[[package]]
name = "scopeguard"
version = "1.1.0"
source = "registry+https://github.com/rust-lang/crates.io-index"
checksum = "d29ab0c6d3fc0ee92fe66e2d99f700eab17a8d57d1c1d3b748380fb20baa78cd"

[[package]]
name = "spin"
version = "0.9.5"
source = "registry+https://github.com/rust-lang/crates.io-index"
checksum = "7dccf47db1b41fa1573ed27ccf5e08e3ca771cb994f776668c5ebda893b248fc"
dependencies = [
 "lock_api",
]

[[package]]
name = "utils"
version = "0.1.0"
dependencies = [
 "buddy-alloc",
 "fastrand",
 "lazy_static",
 "numtoa",
 "spin",
]

[[package]]
name = "wasm4"
version = "0.1.0"
dependencies = [
 "buddy-alloc",
 "fastrand",
 "lazy_static",
 "numtoa",
 "spin",
]
